{
  "name": "mbmigemo-workspace",
  "version": "0.0.0",
  "lockfileVersion": 3,
  "requires": true,
  "packages": {
    "": {
      "name": "mbmigemo-workspace",
      "version": "0.0.0",
      "devDependencies": {
        "jsmigemo": "0.5.2"
      },
      "engines": {
        "node": "26.0.0",
        "npm": "11.16.0"
      }
    },
    "node_modules/jsmigemo": {
      "version": "0.5.2",
      "resolved": "https://registry.npmjs.org/jsmigemo/-/jsmigemo-0.5.2.tgz",
      "integrity": "sha512-dY+uRg1X/uveBU2bIF2/PKDINmB2dipJQmDYsX9H+4cZVw0y8iFQV+Juv7JIjnwGco5MH5tXFQzTBn2oi24t0g==",
      "dev": true,
      "license": "MIT",
      "bin": {
        "jsmigemo": "bin/jsmigemo-cli.mjs"
      }
    }
  }
}
